
Microsoft Visual Studio Solution File, Format Version 12.00
# Visual Studio 15
VisualStudioVersion = 15.0.26730.16
MinimumVisualStudioVersion = 10.0.40219.1
Project("{FAE04EC0-301F-11D3-BF4B-00C04F79EFBC}") = "Blog", "31.01\Blog.csproj", "{E4C5CD18-8377-40EE-B2B8-B5CA32ED77D4}"
EndProject
Project("{FAE04EC0-301F-11D3-BF4B-00C04F79EFBC}") = "BlogLogic", "BlogLogic\BlogLogic.csproj", "{2F8954C6-5343-440A-BD7C-303B3BBCB125}"
EndProject
Global
	GlobalSection(SolutionConfigurationPlatforms) = preSolution
		Debug|Any CPU = Debug|Any CPU
		Release|Any CPU = Release|Any CPU
	EndGlobalSection
	GlobalSection(ProjectConfigurationPlatforms) = postSolution
		{E4C5CD18-8377-40EE-B2B8-B5CA32ED77D4}.Debug|Any CPU.ActiveCfg = Debug|Any CPU
		{E4C5CD18-8377-40EE-B2B8-B5CA32ED77D4}.Debug|Any CPU.Build.0 = Debug|Any CPU
		{E4C5CD18-8377-40EE-B2B8-B5CA32ED77D4}.Release|Any CPU.ActiveCfg = Release|Any CPU
		{E4C5CD18-8377-40EE-B2B8-B5CA32ED77D4}.Release|Any CPU.Build.0 = Release|Any CPU
		{2F8954C6-5343-440A-BD7C-303B3BBCB125}.Debug|Any CPU.ActiveCfg = Debug|Any CPU
		{2F8954C6-5343-440A-BD7C-303B3BBCB125}.Debug|Any CPU.Build.0 = Debug|Any CPU
		{2F8954C6-5343-440A-BD7C-303B3BBCB125}.Release|Any CPU.ActiveCfg = Release|Any CPU
		{2F8954C6-5343-440A-BD7C-303B3BBCB125}.Release|Any CPU.Build.0 = Release|Any CPU
	EndGlobalSection
	GlobalSection(SolutionProperties) = preSolution
		HideSolutionNode = FALSE
	EndGlobalSection
	GlobalSection(ExtensibilityGlobals) = postSolution
		SolutionGuid = {8331386E-B74C-4B50-93E0-60C4C69CAC0F}
	EndGlobalSection
EndGlobal
